{
	"name": "assets",
	"requires": true,
	"lockfileVersion": 1,
	"dependencies": {
		"husky": {
			"version": "9.1.6",
			"resolved": "https://registry.npmjs.org/husky/-/husky-9.1.6.tgz",
			"integrity": "sha512-sqbjZKK7kf44hfdE94EoX8MZNk0n7HeW37O4YrVGCF4wzgQjp+akPAkfUK5LZ6KuR/6sqeAVuXHji+RzQgOn5A==",
			"dev": true
		},
		"prettier": {
			"version": "3.3.3",
			"resolved": "https://registry.npmjs.org/prettier/-/prettier-3.3.3.tgz",
			"integrity": "sha512-i2tDNA0O5IrMO757lfrdQZCc2jPNDVntV0m/+4whiDfWaTKfMNgR7Qz0NAeGz/nRqF4m5/6CLzbP4/liHt12Ew==",
			"dev": true
		}
	}
}
