{
	"name": "assets",
	"requires": true,
	"lockfileVersion": 1,
	"dependencies": {
		"husky": {
			"version": "9.1.6",
			"resolved": "https://registry.npmjs.org/husky/-/husky-9.1.6.tgz",
			"integrity": "sha512-sqbjZKK7kf44hfdE94EoX8MZNk0n7HeW37O4YrVGCF4wzgQjp+akPAkfUK5LZ6KuR/6sqeAVuXHji+RzQgOn5A==",
			"dev": true
		},
		"prettier": {
			"version": "2.8.7",
			"resolved": "https://registry.npmjs.org/prettier/-/prettier-2.8.7.tgz",
			"integrity": "sha512-yPngTo3aXUUmyuTjeTUT75txrf+aMh9FiD7q9ZE/i6r0bPb22g4FsE6Y338PQX1bmfy08i9QQCB7/rcUAVntfw==",
			"dev": true
		}
	}
}
