{
	"name": "assets",
	"requires": true,
	"lockfileVersion": 1,
	"dependencies": {
		"husky": {
			"version": "9.0.1",
			"resolved": "https://registry.npmjs.org/husky/-/husky-9.0.1.tgz",
			"integrity": "sha512-rXCT8yF2v3awSG03AG6IgICDhJ+m8o3jL1ROwsT4nQZ6urEyKSj0IWFDIh5YC2zgZeAxWksNMbN6rYY4BE1Zrw==",
			"dev": true
		},
		"prettier": {
			"version": "2.8.7",
			"resolved": "https://registry.npmjs.org/prettier/-/prettier-2.8.7.tgz",
			"integrity": "sha512-yPngTo3aXUUmyuTjeTUT75txrf+aMh9FiD7q9ZE/i6r0bPb22g4FsE6Y338PQX1bmfy08i9QQCB7/rcUAVntfw==",
			"dev": true
		}
	}
}
